
Microsoft Visual Studio Solution File, Format Version 12.00
# Visual Studio Version 17
VisualStudioVersion = 17.2.32616.157
MinimumVisualStudioVersion = 10.0.40219.1
Project("{9A19103F-16F7-4668-BE54-9A1E7A4F7556}") = "WebAPIs", "WebAPIs.csproj", "{B6110392-DF8F-4B8C-95CA-CCDC360F238E}"
EndProject
Global
	GlobalSection(SolutionConfigurationPlatforms) = preSolution
		Debug|Any CPU = Debug|Any CPU
		Release|Any CPU = Release|Any CPU
	EndGlobalSection
	GlobalSection(ProjectConfigurationPlatforms) = postSolution
		{B6110392-DF8F-4B8C-95CA-CCDC360F238E}.Debug|Any CPU.ActiveCfg = Debug|Any CPU
		{B6110392-DF8F-4B8C-95CA-CCDC360F238E}.Debug|Any CPU.Build.0 = Debug|Any CPU
		{B6110392-DF8F-4B8C-95CA-CCDC360F238E}.Release|Any CPU.ActiveCfg = Release|Any CPU
		{B6110392-DF8F-4B8C-95CA-CCDC360F238E}.Release|Any CPU.Build.0 = Release|Any CPU
	EndGlobalSection
	GlobalSection(SolutionProperties) = preSolution
		HideSolutionNode = FALSE
	EndGlobalSection
	GlobalSection(ExtensibilityGlobals) = postSolution
		SolutionGuid = {72A50143-E9E3-4914-87AA-F8257919C1D4}
	EndGlobalSection
EndGlobal
